
Microsoft Visual Studio Solution File, Format Version 12.00
# Visual Studio Version 16
VisualStudioVersion = 16.0.29209.152
MinimumVisualStudioVersion = 10.0.40219.1
Project("{9A19103F-16F7-4668-BE54-9A1E7A4F7556}") = "diabloblazor", "diabloblazor.csproj", "{71BAEEFB-8216-44C4-ACBC-301691AEFF86}"
EndProject
Project("{9A19103F-16F7-4668-BE54-9A1E7A4F7556}") = "diabloblazor.server", "..\diabloblazorserver\diabloblazor.server.csproj", "{FEE66CCD-3691-4670-A0C0-42E9AF85197E}"
EndProject
Global
	GlobalSection(SolutionConfigurationPlatforms) = preSolution
		Debug|Any CPU = Debug|Any CPU
		Release|Any CPU = Release|Any CPU
	EndGlobalSection
	GlobalSection(ProjectConfigurationPlatforms) = postSolution
		{71BAEEFB-8216-44C4-ACBC-301691AEFF86}.Debug|Any CPU.ActiveCfg = Debug|Any CPU
		{71BAEEFB-8216-44C4-ACBC-301691AEFF86}.Debug|Any CPU.Build.0 = Debug|Any CPU
		{71BAEEFB-8216-44C4-ACBC-301691AEFF86}.Release|Any CPU.ActiveCfg = Release|Any CPU
		{71BAEEFB-8216-44C4-ACBC-301691AEFF86}.Release|Any CPU.Build.0 = Release|Any CPU
		{FEE66CCD-3691-4670-A0C0-42E9AF85197E}.Debug|Any CPU.ActiveCfg = Debug|Any CPU
		{FEE66CCD-3691-4670-A0C0-42E9AF85197E}.Debug|Any CPU.Build.0 = Debug|Any CPU
		{FEE66CCD-3691-4670-A0C0-42E9AF85197E}.Release|Any CPU.ActiveCfg = Release|Any CPU
		{FEE66CCD-3691-4670-A0C0-42E9AF85197E}.Release|Any CPU.Build.0 = Release|Any CPU
	EndGlobalSection
	GlobalSection(SolutionProperties) = preSolution
		HideSolutionNode = FALSE
	EndGlobalSection
	GlobalSection(ExtensibilityGlobals) = postSolution
		SolutionGuid = {A10F0F63-B0AB-4F7D-A8DE-47091321808A}
	EndGlobalSection
EndGlobal
